{
  "version": 4,
  "terraform_version": "1.6.0",
  "serial": 1,
  "lineage": "d959f6b5-0d70-baab-b0a4-1af94a7267c8",
  "outputs": {},
  "resources": [
    {
      "mode": "managed",
      "type": "spotinst_elastigroup_azure_v3",
      "name": "test_azure_group",
      "provider": "provider[\"terraform-spotinst/local/spotinst\"]",
      "instances": [
        {
          "schema_version": 0,
          "attributes": {
            "custom_data": "",
            "desired_capacity": 1,
            "draining_timeout": 300,
            "fallback_to_on_demand": true,
            "id": "sig-d126e320",
            "image": [
              {
                "custom": [],
                "marketplace": [
                  {
                    "offer": "UbuntuServer",
                    "publisher": "Canonical",
                    "sku": "18.04-LTS",
                    "version": "latest"
                  }
                ]
              }
            ],
            "login": [
              {
                "password": "",
                "ssh_public_key": "",
                "user_name": "ubuntu"
              }
            ],
            "managed_service_identity": [],
            "max_size": 3,
            "min_size": 0,
            "name": "Test-EG",
            "network": [
              {
                "network_interfaces": [
                  {
                    "additional_ip_configs": [],
                    "application_security_group": [
                      {
                        "name": "Automation-Application-Security-Group-Do-Not-Delete",
                        "resource_group_name": "AutomationResourceGroup"
                      }
                    ],
                    "assign_public_ip": false,
                    "is_primary": true,
                    "subnet_name": "Automation-PrivateSubnet"
                  }
                ],
                "resource_group_name": "AutomationResourceGroup",
                "virtual_network_name": "Automation-VirtualNetwork"
              }
            ],
            "on_demand_count": -1,
            "os": "Linux",
            "region": "eastus",
            "resource_group_name": "AutomationResourceGroup",
            "spot_percentage": 65,
            "tags": [
              {
                "key": "creator",
                "value": "Gude"
              },
              {
                "key": "team",
                "value": "Automation"
              }
            ],
            "vm_sizes": [
              {
                "od_sizes": [
                  "standard_a1_v2"
                ],
                "spot_sizes": [
                  "standard_a1_v2",
                  "standard_ds2_v2"
                ]
              }
            ]
          },
          "sensitive_attributes": [],
          "private": "bnVsbA=="
        }
      ]
    }
  ],
  "check_results": null
}
